
Microsoft Visual Studio Solution File, Format Version 12.00
# Visual Studio Version 16
VisualStudioVersion = 16.0.32929.386
MinimumVisualStudioVersion = 10.0.40219.1
Project("{C9674DCB-5085-4A16-B785-4C70DD1589BD}") = "SSIS_DW", "SSIS_DW.dtproj", "{16162009-73EA-4510-AEBB-FF51256912C0}"
EndProject
Global
	GlobalSection(SolutionConfigurationPlatforms) = preSolution
		Development|Default = Development|Default
	EndGlobalSection
	GlobalSection(ProjectConfigurationPlatforms) = postSolution
		{16162009-73EA-4510-AEBB-FF51256912C0}.Development|Default.ActiveCfg = Development
		{16162009-73EA-4510-AEBB-FF51256912C0}.Development|Default.Build.0 = Development
	EndGlobalSection
	GlobalSection(SolutionProperties) = preSolution
		HideSolutionNode = FALSE
	EndGlobalSection
	GlobalSection(ExtensibilityGlobals) = postSolution
		SolutionGuid = {5CA62696-E306-49A4-A639-D1C0C7A40881}
	EndGlobalSection
EndGlobal
